
Microsoft Visual Studio Solution File, Format Version 12.00
# Visual Studio Version 16
VisualStudioVersion = 16.0.29009.5
MinimumVisualStudioVersion = 10.0.40219.1
Project("{FAE04EC0-301F-11D3-BF4B-00C04F79EFBC}") = "ApplSort", "ConsoleApp1\ApplSort.csproj", "{C0AFC0BE-445A-4EBB-A6F8-8FD60862A1A5}"
EndProject
Global
	GlobalSection(SolutionConfigurationPlatforms) = preSolution
		Debug|Any CPU = Debug|Any CPU
		Release|Any CPU = Release|Any CPU
	EndGlobalSection
	GlobalSection(ProjectConfigurationPlatforms) = postSolution
		{C0AFC0BE-445A-4EBB-A6F8-8FD60862A1A5}.Debug|Any CPU.ActiveCfg = Debug|Any CPU
		{C0AFC0BE-445A-4EBB-A6F8-8FD60862A1A5}.Debug|Any CPU.Build.0 = Debug|Any CPU
		{C0AFC0BE-445A-4EBB-A6F8-8FD60862A1A5}.Release|Any CPU.ActiveCfg = Release|Any CPU
		{C0AFC0BE-445A-4EBB-A6F8-8FD60862A1A5}.Release|Any CPU.Build.0 = Release|Any CPU
	EndGlobalSection
	GlobalSection(SolutionProperties) = preSolution
		HideSolutionNode = FALSE
	EndGlobalSection
	GlobalSection(ExtensibilityGlobals) = postSolution
		SolutionGuid = {317127FE-C543-4937-A42C-01F0BEAAF982}
	EndGlobalSection
EndGlobal
